
Microsoft Visual Studio Solution File, Format Version 12.00
# Visual Studio Version 16
VisualStudioVersion = 16.0.30907.101
MinimumVisualStudioVersion = 10.0.40219.1
Project("{FAE04EC0-301F-11D3-BF4B-00C04F79EFBC}") = "ListContract", "ListContract.csproj", "{19239F46-CC56-4B88-B066-4A2CDC732FD6}"
EndProject
Global
	GlobalSection(SolutionConfigurationPlatforms) = preSolution
		Debug|Any CPU = Debug|Any CPU
		Release|Any CPU = Release|Any CPU
	EndGlobalSection
	GlobalSection(ProjectConfigurationPlatforms) = postSolution
		{19239F46-CC56-4B88-B066-4A2CDC732FD6}.Debug|Any CPU.ActiveCfg = Debug|Any CPU
		{19239F46-CC56-4B88-B066-4A2CDC732FD6}.Debug|Any CPU.Build.0 = Debug|Any CPU
		{19239F46-CC56-4B88-B066-4A2CDC732FD6}.Release|Any CPU.ActiveCfg = Release|Any CPU
		{19239F46-CC56-4B88-B066-4A2CDC732FD6}.Release|Any CPU.Build.0 = Release|Any CPU
	EndGlobalSection
	GlobalSection(SolutionProperties) = preSolution
		HideSolutionNode = FALSE
	EndGlobalSection
	GlobalSection(ExtensibilityGlobals) = postSolution
		SolutionGuid = {F6820EB5-40C9-4E93-BC8D-CE598E759EED}
	EndGlobalSection
EndGlobal
